
Microsoft Visual Studio Solution File, Format Version 12.00
# Visual Studio Version 16
VisualStudioVersion = 16.0.30413.136
MinimumVisualStudioVersion = 10.0.40219.1
Project("{FAE04EC0-301F-11D3-BF4B-00C04F79EFBC}") = "MarsLander", "MarsLander\MarsLander.csproj", "{C522D5F2-F055-4F5A-BCEC-D821FF4EAC21}"
EndProject
Project("{FAE04EC0-301F-11D3-BF4B-00C04F79EFBC}") = "MarsRover", "MarsRover\MarsRover.csproj", "{75741A86-B9C0-40A1-B626-46D66071631B}"
EndProject
Project("{FAE04EC0-301F-11D3-BF4B-00C04F79EFBC}") = "MarsRoverTest", "MarsRoverTest\MarsRoverTest.csproj", "{C9CAC5F9-0EA3-4290-B7FC-BF876F992388}"
EndProject
Global
	GlobalSection(SolutionConfigurationPlatforms) = preSolution
		Debug|Any CPU = Debug|Any CPU
		Release|Any CPU = Release|Any CPU
	EndGlobalSection
	GlobalSection(ProjectConfigurationPlatforms) = postSolution
		{C522D5F2-F055-4F5A-BCEC-D821FF4EAC21}.Debug|Any CPU.ActiveCfg = Debug|Any CPU
		{C522D5F2-F055-4F5A-BCEC-D821FF4EAC21}.Debug|Any CPU.Build.0 = Debug|Any CPU
		{C522D5F2-F055-4F5A-BCEC-D821FF4EAC21}.Release|Any CPU.ActiveCfg = Release|Any CPU
		{C522D5F2-F055-4F5A-BCEC-D821FF4EAC21}.Release|Any CPU.Build.0 = Release|Any CPU
		{75741A86-B9C0-40A1-B626-46D66071631B}.Debug|Any CPU.ActiveCfg = Debug|Any CPU
		{75741A86-B9C0-40A1-B626-46D66071631B}.Debug|Any CPU.Build.0 = Debug|Any CPU
		{75741A86-B9C0-40A1-B626-46D66071631B}.Release|Any CPU.ActiveCfg = Release|Any CPU
		{75741A86-B9C0-40A1-B626-46D66071631B}.Release|Any CPU.Build.0 = Release|Any CPU
		{C9CAC5F9-0EA3-4290-B7FC-BF876F992388}.Debug|Any CPU.ActiveCfg = Debug|Any CPU
		{C9CAC5F9-0EA3-4290-B7FC-BF876F992388}.Debug|Any CPU.Build.0 = Debug|Any CPU
		{C9CAC5F9-0EA3-4290-B7FC-BF876F992388}.Release|Any CPU.ActiveCfg = Release|Any CPU
		{C9CAC5F9-0EA3-4290-B7FC-BF876F992388}.Release|Any CPU.Build.0 = Release|Any CPU
	EndGlobalSection
	GlobalSection(SolutionProperties) = preSolution
		HideSolutionNode = FALSE
	EndGlobalSection
	GlobalSection(ExtensibilityGlobals) = postSolution
		SolutionGuid = {7F3CAFC1-6850-46E2-9504-9C126EEDDDBB}
	EndGlobalSection
EndGlobal
